
Microsoft Visual Studio Solution File, Format Version 12.00
# Visual Studio Version 16
VisualStudioVersion = 16.0.29806.167
MinimumVisualStudioVersion = 10.0.40219.1
Project("{FAE04EC0-301F-11D3-BF4B-00C04F79EFBC}") = "ConsoleAppInteraktywnie", "ConsoleAppInteraktywnie\ConsoleAppInteraktywnie.csproj", "{C53DAC0E-A6B6-4B7A-9320-8942A3FBCC47}"
EndProject
Global
	GlobalSection(SolutionConfigurationPlatforms) = preSolution
		Debug|Any CPU = Debug|Any CPU
		Release|Any CPU = Release|Any CPU
	EndGlobalSection
	GlobalSection(ProjectConfigurationPlatforms) = postSolution
		{C53DAC0E-A6B6-4B7A-9320-8942A3FBCC47}.Debug|Any CPU.ActiveCfg = Debug|Any CPU
		{C53DAC0E-A6B6-4B7A-9320-8942A3FBCC47}.Debug|Any CPU.Build.0 = Debug|Any CPU
		{C53DAC0E-A6B6-4B7A-9320-8942A3FBCC47}.Release|Any CPU.ActiveCfg = Release|Any CPU
		{C53DAC0E-A6B6-4B7A-9320-8942A3FBCC47}.Release|Any CPU.Build.0 = Release|Any CPU
	EndGlobalSection
	GlobalSection(SolutionProperties) = preSolution
		HideSolutionNode = FALSE
	EndGlobalSection
	GlobalSection(ExtensibilityGlobals) = postSolution
		SolutionGuid = {3F9A4355-4830-4423-A5E2-EEA747489BC7}
	EndGlobalSection
EndGlobal
